
Microsoft Visual Studio Solution File, Format Version 12.00
# Visual Studio Version 17
VisualStudioVersion = 17.1.32421.90
MinimumVisualStudioVersion = 10.0.40219.1
Project("{FAE04EC0-301F-11D3-BF4B-00C04F79EFBC}") = "Exercise 1", "Conditionals\Exercises_5_43_Conditionals\Exercise 1.csproj", "{36A49EC9-1CF4-43A1-80B3-889F8D10F8F3}"
EndProject
Project("{2150E333-8FDC-42A3-9474-1A3956D46DE8}") = "Conditionals", "Conditionals", "{D17BD7A3-498A-4206-AFCB-01A6F448890F}"
EndProject
Project("{FAE04EC0-301F-11D3-BF4B-00C04F79EFBC}") = "Excercise 2", "Conditionals\Excercise 2\Excercise 2.csproj", "{0FA8AD88-F1E2-4007-AAAB-46AA254F6781}"
EndProject
Project("{FAE04EC0-301F-11D3-BF4B-00C04F79EFBC}") = "Exercise 3", "Conditionals\Exercise 3\Exercise 3.csproj", "{2083A90B-5D76-48F9-810F-7A48A8B45CF9}"
EndProject
Project("{FAE04EC0-301F-11D3-BF4B-00C04F79EFBC}") = "Exercise 4", "Conditionals\Exercise 4\Exercise 4.csproj", "{183E3B97-F388-482F-8ACA-6C229DF87325}"
EndProject
Project("{2150E333-8FDC-42A3-9474-1A3956D46DE8}") = "Loops", "Loops", "{9FE3307C-AF7B-4C1A-8DD4-4314257972CB}"
EndProject
Project("{FAE04EC0-301F-11D3-BF4B-00C04F79EFBC}") = "Exercise 1", "Loops\Exercise 1\Exercise 1.csproj", "{9549C09F-7697-457E-93F7-7396FF508706}"
EndProject
Project("{FAE04EC0-301F-11D3-BF4B-00C04F79EFBC}") = "Exercise 2", "Loops\Exercise 2\Exercise 2.csproj", "{42CDFF03-52A4-42BF-A8F4-CCEDCE4EFAD7}"
EndProject
Project("{FAE04EC0-301F-11D3-BF4B-00C04F79EFBC}") = "Exercise 3", "Loops\Excercise 3\Exercise 3.csproj", "{08DAA150-004A-4BE3-8C53-92BF4DBE8516}"
EndProject
Project("{FAE04EC0-301F-11D3-BF4B-00C04F79EFBC}") = "Exercise 4", "Loops\Exercise 4\Exercise 4.csproj", "{C59129E1-BCC7-4422-81EB-8A60CE43626A}"
EndProject
Project("{FAE04EC0-301F-11D3-BF4B-00C04F79EFBC}") = "Exercise 5", "Loops\Exercise 5\Exercise 5.csproj", "{2299BFBB-CDF2-494F-8BE1-C9F833EE0263}"
EndProject
Project("{2150E333-8FDC-42A3-9474-1A3956D46DE8}") = "Arrays and Lists", "Arrays and Lists", "{BE0513B1-B8EB-44D4-8C00-AC5220F2B630}"
EndProject
Project("{FAE04EC0-301F-11D3-BF4B-00C04F79EFBC}") = "Exercise 1", "Arrays and Lists\Exercise 1\Exercise 1.csproj", "{64641921-A15E-4751-A30C-2B043E698AB3}"
EndProject
Project("{FAE04EC0-301F-11D3-BF4B-00C04F79EFBC}") = "Exercise 2", "Arrays and Lists\Exercise 2\Exercise 2.csproj", "{45CECCD8-CC39-4A1B-BE8C-C5DD79D561EA}"
EndProject
Project("{FAE04EC0-301F-11D3-BF4B-00C04F79EFBC}") = "Exercise 3", "Arrays and Lists\Exercise 3\Exercise 3.csproj", "{D19774A0-83B2-4DC5-B2A9-51354FA8F812}"
EndProject
Project("{FAE04EC0-301F-11D3-BF4B-00C04F79EFBC}") = "Exercise 4", "Arrays and Lists\Exercise 4\Exercise 4.csproj", "{8CA11C2B-1561-401C-8481-C161AA761865}"
EndProject
Project("{FAE04EC0-301F-11D3-BF4B-00C04F79EFBC}") = "Exercise 5", "Arrays and Lists\Exercise 5\Exercise 5.csproj", "{240629B1-7554-4BB8-B469-EC766510912E}"
EndProject
Project("{2150E333-8FDC-42A3-9474-1A3956D46DE8}") = "2019", "2019", "{957B2023-6DFD-40E3-A908-DCA64BB71B47}"
EndProject
Project("{2150E333-8FDC-42A3-9474-1A3956D46DE8}") = "2020", "2020", "{3436706F-E01F-48F1-B1E7-CB6DDDA7FC45}"
EndProject
Project("{2150E333-8FDC-42A3-9474-1A3956D46DE8}") = "Conditionals", "Conditionals", "{8C054550-D587-46EE-B610-8E29486ED2A7}"
EndProject
Project("{9A19103F-16F7-4668-BE54-9A1E7A4F7556}") = "Exercise 1 - 2020", "Exercise 1 - 2020\Exercise 1 - 2020.csproj", "{E5A554A4-BBA5-4362-8DD1-776C2B5039D7}"
EndProject
Project("{9A19103F-16F7-4668-BE54-9A1E7A4F7556}") = "Exercise 2 - 2020", "Exercise 2 - 2020\Exercise 2 - 2020.csproj", "{CC7F0ED4-61AB-4ED3-8AD6-949287F089D4}"
EndProject
Project("{9A19103F-16F7-4668-BE54-9A1E7A4F7556}") = "Exercise 3 - 2020", "Exercise 3 - 2020\Exercise 3 - 2020.csproj", "{9B082265-C750-4D06-A527-302CA6F5A691}"
EndProject
Project("{9A19103F-16F7-4668-BE54-9A1E7A4F7556}") = "Exercise 4 - 2020", "Exercise 4 - 2020\Exercise 4 - 2020.csproj", "{8980AD99-F336-4F03-9180-15CE17D555CF}"
EndProject
Project("{2150E333-8FDC-42A3-9474-1A3956D46DE8}") = "Loops", "Loops", "{33D2830E-5F7E-4128-90E3-2E7F44CA778C}"
EndProject
Project("{9A19103F-16F7-4668-BE54-9A1E7A4F7556}") = "Exercise 1 - Loops", "Exercise 1 - Loops\Exercise 1 - Loops.csproj", "{A8852F0C-1150-424B-B2C8-5B19FED19130}"
EndProject
Project("{9A19103F-16F7-4668-BE54-9A1E7A4F7556}") = "Exercise 2 - Loops", "Exercise 2 - Loops\Exercise 2 - Loops.csproj", "{4BB12DBE-11DF-4EBC-9626-A5232722338D}"
EndProject
Project("{9A19103F-16F7-4668-BE54-9A1E7A4F7556}") = "Exercise 3 - Loops", "Exercise 3 - Loops\Exercise 3 - Loops.csproj", "{8EFD65B8-6638-47C0-9121-788DA36BAD69}"
EndProject
Project("{9A19103F-16F7-4668-BE54-9A1E7A4F7556}") = "Exercise 4 - Loops", "Exercise 4 - Loops\Exercise 4 - Loops.csproj", "{93E30F2B-19A4-4609-B0EE-D367673CB760}"
EndProject
Project("{9A19103F-16F7-4668-BE54-9A1E7A4F7556}") = "Exercise 5 - Loops", "Exercise 5 - Loops\Exercise 5 - Loops.csproj", "{CEAAA159-31B6-4669-B72F-C6FE41849003}"
EndProject
Project("{2150E333-8FDC-42A3-9474-1A3956D46DE8}") = "Arrays and Lists", "Arrays and Lists", "{E60D944B-4258-409A-8C34-380073ADA83D}"
EndProject
Project("{9A19103F-16F7-4668-BE54-9A1E7A4F7556}") = "Exercise 1 - Arrays and Lists", "Exercise 1 - Arrays and Lists\Exercise 1 - Arrays and Lists.csproj", "{B95069A7-7914-4BCC-98FA-5876E9168F53}"
EndProject
Project("{9A19103F-16F7-4668-BE54-9A1E7A4F7556}") = "Exercise 2  - Arrays and Lists", "Exercise 2  - Arrays and Lists\Exercise 2  - Arrays and Lists.csproj", "{43C0FF05-3D50-4F74-AB63-AB4ACAF63EA3}"
EndProject
Project("{9A19103F-16F7-4668-BE54-9A1E7A4F7556}") = "Exercise 3 - Arrays and Lists", "Exercise 3 - Arrays and Lists\Exercise 3 - Arrays and Lists.csproj", "{87F3DF0D-CE48-4B77-B375-25AA94CCB726}"
EndProject
Project("{9A19103F-16F7-4668-BE54-9A1E7A4F7556}") = "Exercise 4 - Arrays and Lists", "Exercise 4 - Arrays and Lists\Exercise 4 - Arrays and Lists.csproj", "{2293A8D6-61E7-4C9B-82CB-71BABCF60B1A}"
EndProject
Project("{9A19103F-16F7-4668-BE54-9A1E7A4F7556}") = "Exercise 5 - Arrays and Lists", "Exercise 5 - Arrays and Lists\Exercise 5 - Arrays and Lists.csproj", "{4786CEB5-408C-44D0-9EEE-C72A3F8BD058}"
EndProject
Project("{2150E333-8FDC-42A3-9474-1A3956D46DE8}") = "2022", "2022", "{194DBCAF-AB73-404F-A998-42AD37278240}"
EndProject
Project("{2150E333-8FDC-42A3-9474-1A3956D46DE8}") = "Conditionals", "Conditionals", "{C9D8C47C-743C-4BFF-BDE8-80958F599B12}"
EndProject
Project("{FAE04EC0-301F-11D3-BF4B-00C04F79EFBC}") = "Exercise 1 - 2022", "Exercise 1 - 2022\Exercise 1 - 2022.csproj", "{438DF2FB-8BB2-4E9A-B87C-56CFE82891A4}"
EndProject
Project("{FAE04EC0-301F-11D3-BF4B-00C04F79EFBC}") = "Exercise 2 - 2022", "Exercise 2 - 2022\Exercise 2 - 2022.csproj", "{36B053F6-11F6-4DCA-B3A7-D9F6E58934AC}"
EndProject
Project("{FAE04EC0-301F-11D3-BF4B-00C04F79EFBC}") = "Exercise 3 - 2022", "Exercise 3 - 2022\Exercise 3 - 2022.csproj", "{7BAE2C87-3AB6-4F84-81BA-63AA11B1E960}"
EndProject
Project("{FAE04EC0-301F-11D3-BF4B-00C04F79EFBC}") = "Exercise 4 - 2022", "Exercise 4 - 2022\Exercise 4 - 2022.csproj", "{412D8DAF-790E-4790-9CDF-BB5BA6A6A7BF}"
EndProject
Project("{FAE04EC0-301F-11D3-BF4B-00C04F79EFBC}") = "Pruebas", "Pruebas\Pruebas.csproj", "{C25B4F44-7D80-43D1-BC9F-6D9F381B9A66}"
EndProject
Project("{2150E333-8FDC-42A3-9474-1A3956D46DE8}") = "Loops", "Loops", "{123CA65C-C454-47F9-9FD7-5A6CE76E96A5}"
EndProject
Project("{FAE04EC0-301F-11D3-BF4B-00C04F79EFBC}") = "Exercise 1 - Loops 2022", "Exercise 1 - Loops 2022\Exercise 1 - Loops 2022.csproj", "{D5E0505A-246A-4B6D-B160-3804B8A02A4C}"
EndProject
Project("{FAE04EC0-301F-11D3-BF4B-00C04F79EFBC}") = "Exercise 2 - Loops 2022", "Exercise 2 - Loops 2022\Exercise 2 - Loops 2022.csproj", "{B5C84F2A-64D2-4BE7-AC9F-2F929133BFDB}"
EndProject
Project("{FAE04EC0-301F-11D3-BF4B-00C04F79EFBC}") = "Exercise 3 - Loops 2022", "Exercise 3 - Loops 2022\Exercise 3 - Loops 2022.csproj", "{66975234-839B-44A8-AAF1-4954E1A48BBF}"
EndProject
Project("{FAE04EC0-301F-11D3-BF4B-00C04F79EFBC}") = "Exercise 4 - Loops 2022", "Exercise 4 - Loops 2022\Exercise 4 - Loops 2022.csproj", "{0F9D47EC-0D5A-4CC7-983A-10506D70AE2D}"
EndProject
Project("{FAE04EC0-301F-11D3-BF4B-00C04F79EFBC}") = "Exercise 5 - Loops 2022", "Exercise 5 - Loops 2022\Exercise 5 - Loops 2022.csproj", "{868CF7B0-DE0B-47B0-8DBE-48567CD830ED}"
EndProject
Project("{2150E333-8FDC-42A3-9474-1A3956D46DE8}") = "Arrays and Lists", "Arrays and Lists", "{E3F40B83-B4A4-4498-B429-1F3A651551A7}"
EndProject
Project("{FAE04EC0-301F-11D3-BF4B-00C04F79EFBC}") = "Exercise 1 - Arrays and Lists 2022", "Exercise 1 - Arrays and Lists 2022\Exercise 1 - Arrays and Lists 2022.csproj", "{8075E080-12D6-4BA7-BFA3-9BF0419DE8D2}"
EndProject
Project("{FAE04EC0-301F-11D3-BF4B-00C04F79EFBC}") = "Exercise 2 - Arrays and Lists 2022", "Exercise 2 - Arrays and Lists 2022\Exercise 2 - Arrays and Lists 2022.csproj", "{3EEBAD2A-74C7-4625-95AA-C4206E3D5704}"
EndProject
Project("{FAE04EC0-301F-11D3-BF4B-00C04F79EFBC}") = "Exercise 3 - Arrays and Lists 2022", "Exercise 3 - Arrays and Lists 2022\Exercise 3 - Arrays and Lists 2022.csproj", "{B61902FD-504B-4B7E-97D8-0CE9A8079B22}"
EndProject
Project("{FAE04EC0-301F-11D3-BF4B-00C04F79EFBC}") = "Exercise 4 - Arrays and Lists 2022", "Exercise 4 - Arrays and Lists 2022\Exercise 4 - Arrays and Lists 2022.csproj", "{39EB82DC-87D4-4B2E-A9C8-1C118F384FAF}"
EndProject
Project("{FAE04EC0-301F-11D3-BF4B-00C04F79EFBC}") = "Exercise 5 - Arrays and Lists 2022", "Exercise 5 - Arrays and Lists 2022\Exercise 5 - Arrays and Lists 2022.csproj", "{F70BB375-893A-4786-A347-3FA97089DCD7}"
EndProject
Project("{2150E333-8FDC-42A3-9474-1A3956D46DE8}") = "Text", "Text", "{79D78DE1-C5AE-44FD-855A-3AC5810FD356}"
EndProject
Project("{FAE04EC0-301F-11D3-BF4B-00C04F79EFBC}") = "Exercise 1 - Text", "Exercise 1 - Text\Exercise 1 - Text.csproj", "{D79D69BD-E189-41A3-A6BE-89BE69177D5D}"
EndProject
Project("{FAE04EC0-301F-11D3-BF4B-00C04F79EFBC}") = "Exercise 2 - Text", "Exercise 2 - Text\Exercise 2 - Text.csproj", "{D625EC4A-7419-41CB-9C9E-314CBB5E3C44}"
EndProject
Project("{FAE04EC0-301F-11D3-BF4B-00C04F79EFBC}") = "Exercise 3 - Text", "Exercise 3 - Text\Exercise 3 - Text.csproj", "{85D907B4-0D0F-4A44-977E-740FC68E5311}"
EndProject
Project("{FAE04EC0-301F-11D3-BF4B-00C04F79EFBC}") = "Exercise 4 - Text", "Exercise 4 - Text\Exercise 4 - Text.csproj", "{39DDD053-B8F9-4657-A4DC-6CC82A8F4650}"
EndProject
Project("{FAE04EC0-301F-11D3-BF4B-00C04F79EFBC}") = "Exercise 5 - Text", "Exercise 5 - Text\Exercise 5 - Text.csproj", "{4D1A23E3-AA64-4664-AA6A-D1655BB2A925}"
EndProject
Project("{2150E333-8FDC-42A3-9474-1A3956D46DE8}") = "Basics", "Basics", "{B76CA387-2024-486D-98AE-EC9844C764E5}"
EndProject
Project("{2150E333-8FDC-42A3-9474-1A3956D46DE8}") = "Intermediate", "Intermediate", "{90F04C30-CA3E-4E3B-8AF8-4DBA3F798745}"
EndProject
Project("{2150E333-8FDC-42A3-9474-1A3956D46DE8}") = "2022", "2022", "{2932F3A3-648A-4DFB-976F-89A4FC684BB7}"
EndProject
Project("{2150E333-8FDC-42A3-9474-1A3956D46DE8}") = "Classes", "Classes", "{44EA6614-1AAD-46CB-AB3B-E2A899C27B21}"
EndProject
Project("{FAE04EC0-301F-11D3-BF4B-00C04F79EFBC}") = "Exercise 1 - Classes", "Exercise 1 - Classes\Exercise 1 - Classes.csproj", "{B56DF08F-BFCF-43F4-B546-526FCB6CC50F}"
EndProject
Project("{FAE04EC0-301F-11D3-BF4B-00C04F79EFBC}") = "Exercise 2 - Classes", "Exercise 2 - Classes\Exercise 2 - Classes.csproj", "{78E1B7CD-5104-435B-9754-1298C4573921}"
EndProject
Project("{2150E333-8FDC-42A3-9474-1A3956D46DE8}") = "Inheritance", "Inheritance", "{BD6EED67-06E5-4372-A3EB-CEC117DA6345}"
EndProject
Project("{FAE04EC0-301F-11D3-BF4B-00C04F79EFBC}") = "Exercise 1 - Inheritance", "Exercise 1 - Inheritance\Exercise 1 - Inheritance.csproj", "{2CC9822F-FCBE-48BD-BA99-56CB2CCFA8F1}"
EndProject
Project("{2150E333-8FDC-42A3-9474-1A3956D46DE8}") = "Polymorphism", "Polymorphism", "{D34C75A0-8D73-4C50-A0FD-3B51FE9CA4FA}"
EndProject
Project("{FAE04EC0-301F-11D3-BF4B-00C04F79EFBC}") = "Exercise 1 y 2 - Polymorphism", "Exercise 1 - Polymorphism\Exercise 1 y 2 - Polymorphism.csproj", "{1517960B-56F3-46E7-8E59-7F0E57B030C8}"
EndProject
Project("{2150E333-8FDC-42A3-9474-1A3956D46DE8}") = "Interfaces", "Interfaces", "{40E8F606-D7C5-4039-8D13-67C5D9D75217}"
EndProject
Project("{FAE04EC0-301F-11D3-BF4B-00C04F79EFBC}") = "Exercise 1 - Interfaces", "Exercise 1 - Interfaces\Exercise 1 - Interfaces.csproj", "{1D8D51EE-5F85-4848-B1FE-B5471904D88F}"
EndProject
Global
	GlobalSection(SolutionConfigurationPlatforms) = preSolution
		Debug|Any CPU = Debug|Any CPU
		Release|Any CPU = Release|Any CPU
	EndGlobalSection
	GlobalSection(ProjectConfigurationPlatforms) = postSolution
		{36A49EC9-1CF4-43A1-80B3-889F8D10F8F3}.Debug|Any CPU.ActiveCfg = Debug|Any CPU
		{36A49EC9-1CF4-43A1-80B3-889F8D10F8F3}.Debug|Any CPU.Build.0 = Debug|Any CPU
		{36A49EC9-1CF4-43A1-80B3-889F8D10F8F3}.Release|Any CPU.ActiveCfg = Release|Any CPU
		{36A49EC9-1CF4-43A1-80B3-889F8D10F8F3}.Release|Any CPU.Build.0 = Release|Any CPU
		{0FA8AD88-F1E2-4007-AAAB-46AA254F6781}.Debug|Any CPU.ActiveCfg = Debug|Any CPU
		{0FA8AD88-F1E2-4007-AAAB-46AA254F6781}.Debug|Any CPU.Build.0 = Debug|Any CPU
		{0FA8AD88-F1E2-4007-AAAB-46AA254F6781}.Release|Any CPU.ActiveCfg = Release|Any CPU
		{0FA8AD88-F1E2-4007-AAAB-46AA254F6781}.Release|Any CPU.Build.0 = Release|Any CPU
		{2083A90B-5D76-48F9-810F-7A48A8B45CF9}.Debug|Any CPU.ActiveCfg = Debug|Any CPU
		{2083A90B-5D76-48F9-810F-7A48A8B45CF9}.Debug|Any CPU.Build.0 = Debug|Any CPU
		{2083A90B-5D76-48F9-810F-7A48A8B45CF9}.Release|Any CPU.ActiveCfg = Release|Any CPU
		{2083A90B-5D76-48F9-810F-7A48A8B45CF9}.Release|Any CPU.Build.0 = Release|Any CPU
		{183E3B97-F388-482F-8ACA-6C229DF87325}.Debug|Any CPU.ActiveCfg = Debug|Any CPU
		{183E3B97-F388-482F-8ACA-6C229DF87325}.Debug|Any CPU.Build.0 = Debug|Any CPU
		{183E3B97-F388-482F-8ACA-6C229DF87325}.Release|Any CPU.ActiveCfg = Release|Any CPU
		{183E3B97-F388-482F-8ACA-6C229DF87325}.Release|Any CPU.Build.0 = Release|Any CPU
		{9549C09F-7697-457E-93F7-7396FF508706}.Debug|Any CPU.ActiveCfg = Debug|Any CPU
		{9549C09F-7697-457E-93F7-7396FF508706}.Debug|Any CPU.Build.0 = Debug|Any CPU
		{9549C09F-7697-457E-93F7-7396FF508706}.Release|Any CPU.ActiveCfg = Release|Any CPU
		{9549C09F-7697-457E-93F7-7396FF508706}.Release|Any CPU.Build.0 = Release|Any CPU
		{42CDFF03-52A4-42BF-A8F4-CCEDCE4EFAD7}.Debug|Any CPU.ActiveCfg = Debug|Any CPU
		{42CDFF03-52A4-42BF-A8F4-CCEDCE4EFAD7}.Debug|Any CPU.Build.0 = Debug|Any CPU
		{42CDFF03-52A4-42BF-A8F4-CCEDCE4EFAD7}.Release|Any CPU.ActiveCfg = Release|Any CPU
		{42CDFF03-52A4-42BF-A8F4-CCEDCE4EFAD7}.Release|Any CPU.Build.0 = Release|Any CPU
		{08DAA150-004A-4BE3-8C53-92BF4DBE8516}.Debug|Any CPU.ActiveCfg = Debug|Any CPU
		{08DAA150-004A-4BE3-8C53-92BF4DBE8516}.Debug|Any CPU.Build.0 = Debug|Any CPU
		{08DAA150-004A-4BE3-8C53-92BF4DBE8516}.Release|Any CPU.ActiveCfg = Release|Any CPU
		{08DAA150-004A-4BE3-8C53-92BF4DBE8516}.Release|Any CPU.Build.0 = Release|Any CPU
		{C59129E1-BCC7-4422-81EB-8A60CE43626A}.Debug|Any CPU.ActiveCfg = Debug|Any CPU
		{C59129E1-BCC7-4422-81EB-8A60CE43626A}.Debug|Any CPU.Build.0 = Debug|Any CPU
		{C59129E1-BCC7-4422-81EB-8A60CE43626A}.Release|Any CPU.ActiveCfg = Release|Any CPU
		{C59129E1-BCC7-4422-81EB-8A60CE43626A}.Release|Any CPU.Build.0 = Release|Any CPU
		{2299BFBB-CDF2-494F-8BE1-C9F833EE0263}.Debug|Any CPU.ActiveCfg = Debug|Any CPU
		{2299BFBB-CDF2-494F-8BE1-C9F833EE0263}.Debug|Any CPU.Build.0 = Debug|Any CPU
		{2299BFBB-CDF2-494F-8BE1-C9F833EE0263}.Release|Any CPU.ActiveCfg = Release|Any CPU
		{2299BFBB-CDF2-494F-8BE1-C9F833EE0263}.Release|Any CPU.Build.0 = Release|Any CPU
		{64641921-A15E-4751-A30C-2B043E698AB3}.Debug|Any CPU.ActiveCfg = Debug|Any CPU
		{64641921-A15E-4751-A30C-2B043E698AB3}.Debug|Any CPU.Build.0 = Debug|Any CPU
		{64641921-A15E-4751-A30C-2B043E698AB3}.Release|Any CPU.ActiveCfg = Release|Any CPU
		{64641921-A15E-4751-A30C-2B043E698AB3}.Release|Any CPU.Build.0 = Release|Any CPU
		{45CECCD8-CC39-4A1B-BE8C-C5DD79D561EA}.Debug|Any CPU.ActiveCfg = Debug|Any CPU
		{45CECCD8-CC39-4A1B-BE8C-C5DD79D561EA}.Debug|Any CPU.Build.0 = Debug|Any CPU
		{45CECCD8-CC39-4A1B-BE8C-C5DD79D561EA}.Release|Any CPU.ActiveCfg = Release|Any CPU
		{45CECCD8-CC39-4A1B-BE8C-C5DD79D561EA}.Release|Any CPU.Build.0 = Release|Any CPU
		{D19774A0-83B2-4DC5-B2A9-51354FA8F812}.Debug|Any CPU.ActiveCfg = Debug|Any CPU
		{D19774A0-83B2-4DC5-B2A9-51354FA8F812}.Debug|Any CPU.Build.0 = Debug|Any CPU
		{D19774A0-83B2-4DC5-B2A9-51354FA8F812}.Release|Any CPU.ActiveCfg = Release|Any CPU
		{D19774A0-83B2-4DC5-B2A9-51354FA8F812}.Release|Any CPU.Build.0 = Release|Any CPU
		{8CA11C2B-1561-401C-8481-C161AA761865}.Debug|Any CPU.ActiveCfg = Debug|Any CPU
		{8CA11C2B-1561-401C-8481-C161AA761865}.Debug|Any CPU.Build.0 = Debug|Any CPU
		{8CA11C2B-1561-401C-8481-C161AA761865}.Release|Any CPU.ActiveCfg = Release|Any CPU
		{8CA11C2B-1561-401C-8481-C161AA761865}.Release|Any CPU.Build.0 = Release|Any CPU
		{240629B1-7554-4BB8-B469-EC766510912E}.Debug|Any CPU.ActiveCfg = Debug|Any CPU
		{240629B1-7554-4BB8-B469-EC766510912E}.Debug|Any CPU.Build.0 = Debug|Any CPU
		{240629B1-7554-4BB8-B469-EC766510912E}.Release|Any CPU.ActiveCfg = Release|Any CPU
		{240629B1-7554-4BB8-B469-EC766510912E}.Release|Any CPU.Build.0 = Release|Any CPU
		{E5A554A4-BBA5-4362-8DD1-776C2B5039D7}.Debug|Any CPU.ActiveCfg = Debug|Any CPU
		{E5A554A4-BBA5-4362-8DD1-776C2B5039D7}.Debug|Any CPU.Build.0 = Debug|Any CPU
		{E5A554A4-BBA5-4362-8DD1-776C2B5039D7}.Release|Any CPU.ActiveCfg = Release|Any CPU
		{E5A554A4-BBA5-4362-8DD1-776C2B5039D7}.Release|Any CPU.Build.0 = Release|Any CPU
		{CC7F0ED4-61AB-4ED3-8AD6-949287F089D4}.Debug|Any CPU.ActiveCfg = Debug|Any CPU
		{CC7F0ED4-61AB-4ED3-8AD6-949287F089D4}.Debug|Any CPU.Build.0 = Debug|Any CPU
		{CC7F0ED4-61AB-4ED3-8AD6-949287F089D4}.Release|Any CPU.ActiveCfg = Release|Any CPU
		{CC7F0ED4-61AB-4ED3-8AD6-949287F089D4}.Release|Any CPU.Build.0 = Release|Any CPU
		{9B082265-C750-4D06-A527-302CA6F5A691}.Debug|Any CPU.ActiveCfg = Debug|Any CPU
		{9B082265-C750-4D06-A527-302CA6F5A691}.Debug|Any CPU.Build.0 = Debug|Any CPU
		{9B082265-C750-4D06-A527-302CA6F5A691}.Release|Any CPU.ActiveCfg = Release|Any CPU
		{9B082265-C750-4D06-A527-302CA6F5A691}.Release|Any CPU.Build.0 = Release|Any CPU
		{8980AD99-F336-4F03-9180-15CE17D555CF}.Debug|Any CPU.ActiveCfg = Debug|Any CPU
		{8980AD99-F336-4F03-9180-15CE17D555CF}.Debug|Any CPU.Build.0 = Debug|Any CPU
		{8980AD99-F336-4F03-9180-15CE17D555CF}.Release|Any CPU.ActiveCfg = Release|Any CPU
		{8980AD99-F336-4F03-9180-15CE17D555CF}.Release|Any CPU.Build.0 = Release|Any CPU
		{A8852F0C-1150-424B-B2C8-5B19FED19130}.Debug|Any CPU.ActiveCfg = Debug|Any CPU
		{A8852F0C-1150-424B-B2C8-5B19FED19130}.Debug|Any CPU.Build.0 = Debug|Any CPU
		{A8852F0C-1150-424B-B2C8-5B19FED19130}.Release|Any CPU.ActiveCfg = Release|Any CPU
		{A8852F0C-1150-424B-B2C8-5B19FED19130}.Release|Any CPU.Build.0 = Release|Any CPU
		{4BB12DBE-11DF-4EBC-9626-A5232722338D}.Debug|Any CPU.ActiveCfg = Debug|Any CPU
		{4BB12DBE-11DF-4EBC-9626-A5232722338D}.Debug|Any CPU.Build.0 = Debug|Any CPU
		{4BB12DBE-11DF-4EBC-9626-A5232722338D}.Release|Any CPU.ActiveCfg = Release|Any CPU
		{4BB12DBE-11DF-4EBC-9626-A5232722338D}.Release|Any CPU.Build.0 = Release|Any CPU
		{8EFD65B8-6638-47C0-9121-788DA36BAD69}.Debug|Any CPU.ActiveCfg = Debug|Any CPU
		{8EFD65B8-6638-47C0-9121-788DA36BAD69}.Debug|Any CPU.Build.0 = Debug|Any CPU
		{8EFD65B8-6638-47C0-9121-788DA36BAD69}.Release|Any CPU.ActiveCfg = Release|Any CPU
		{8EFD65B8-6638-47C0-9121-788DA36BAD69}.Release|Any CPU.Build.0 = Release|Any CPU
		{93E30F2B-19A4-4609-B0EE-D367673CB760}.Debug|Any CPU.ActiveCfg = Debug|Any CPU
		{93E30F2B-19A4-4609-B0EE-D367673CB760}.Debug|Any CPU.Build.0 = Debug|Any CPU
		{93E30F2B-19A4-4609-B0EE-D367673CB760}.Release|Any CPU.ActiveCfg = Release|Any CPU
		{93E30F2B-19A4-4609-B0EE-D367673CB760}.Release|Any CPU.Build.0 = Release|Any CPU
		{CEAAA159-31B6-4669-B72F-C6FE41849003}.Debug|Any CPU.ActiveCfg = Debug|Any CPU
		{CEAAA159-31B6-4669-B72F-C6FE41849003}.Debug|Any CPU.Build.0 = Debug|Any CPU
		{CEAAA159-31B6-4669-B72F-C6FE41849003}.Release|Any CPU.ActiveCfg = Release|Any CPU
		{CEAAA159-31B6-4669-B72F-C6FE41849003}.Release|Any CPU.Build.0 = Release|Any CPU
		{B95069A7-7914-4BCC-98FA-5876E9168F53}.Debug|Any CPU.ActiveCfg = Debug|Any CPU
		{B95069A7-7914-4BCC-98FA-5876E9168F53}.Debug|Any CPU.Build.0 = Debug|Any CPU
		{B95069A7-7914-4BCC-98FA-5876E9168F53}.Release|Any CPU.ActiveCfg = Release|Any CPU
		{B95069A7-7914-4BCC-98FA-5876E9168F53}.Release|Any CPU.Build.0 = Release|Any CPU
		{43C0FF05-3D50-4F74-AB63-AB4ACAF63EA3}.Debug|Any CPU.ActiveCfg = Debug|Any CPU
		{43C0FF05-3D50-4F74-AB63-AB4ACAF63EA3}.Debug|Any CPU.Build.0 = Debug|Any CPU
		{43C0FF05-3D50-4F74-AB63-AB4ACAF63EA3}.Release|Any CPU.ActiveCfg = Release|Any CPU
		{43C0FF05-3D50-4F74-AB63-AB4ACAF63EA3}.Release|Any CPU.Build.0 = Release|Any CPU
		{87F3DF0D-CE48-4B77-B375-25AA94CCB726}.Debug|Any CPU.ActiveCfg = Debug|Any CPU
		{87F3DF0D-CE48-4B77-B375-25AA94CCB726}.Debug|Any CPU.Build.0 = Debug|Any CPU
		{87F3DF0D-CE48-4B77-B375-25AA94CCB726}.Release|Any CPU.ActiveCfg = Release|Any CPU
		{87F3DF0D-CE48-4B77-B375-25AA94CCB726}.Release|Any CPU.Build.0 = Release|Any CPU
		{2293A8D6-61E7-4C9B-82CB-71BABCF60B1A}.Debug|Any CPU.ActiveCfg = Debug|Any CPU
		{2293A8D6-61E7-4C9B-82CB-71BABCF60B1A}.Debug|Any CPU.Build.0 = Debug|Any CPU
		{2293A8D6-61E7-4C9B-82CB-71BABCF60B1A}.Release|Any CPU.ActiveCfg = Release|Any CPU
		{2293A8D6-61E7-4C9B-82CB-71BABCF60B1A}.Release|Any CPU.Build.0 = Release|Any CPU
		{4786CEB5-408C-44D0-9EEE-C72A3F8BD058}.Debug|Any CPU.ActiveCfg = Debug|Any CPU
		{4786CEB5-408C-44D0-9EEE-C72A3F8BD058}.Debug|Any CPU.Build.0 = Debug|Any CPU
		{4786CEB5-408C-44D0-9EEE-C72A3F8BD058}.Release|Any CPU.ActiveCfg = Release|Any CPU
		{4786CEB5-408C-44D0-9EEE-C72A3F8BD058}.Release|Any CPU.Build.0 = Release|Any CPU
		{438DF2FB-8BB2-4E9A-B87C-56CFE82891A4}.Debug|Any CPU.ActiveCfg = Debug|Any CPU
		{438DF2FB-8BB2-4E9A-B87C-56CFE82891A4}.Debug|Any CPU.Build.0 = Debug|Any CPU
		{438DF2FB-8BB2-4E9A-B87C-56CFE82891A4}.Release|Any CPU.ActiveCfg = Release|Any CPU
		{438DF2FB-8BB2-4E9A-B87C-56CFE82891A4}.Release|Any CPU.Build.0 = Release|Any CPU
		{36B053F6-11F6-4DCA-B3A7-D9F6E58934AC}.Debug|Any CPU.ActiveCfg = Debug|Any CPU
		{36B053F6-11F6-4DCA-B3A7-D9F6E58934AC}.Debug|Any CPU.Build.0 = Debug|Any CPU
		{36B053F6-11F6-4DCA-B3A7-D9F6E58934AC}.Release|Any CPU.ActiveCfg = Release|Any CPU
		{36B053F6-11F6-4DCA-B3A7-D9F6E58934AC}.Release|Any CPU.Build.0 = Release|Any CPU
		{7BAE2C87-3AB6-4F84-81BA-63AA11B1E960}.Debug|Any CPU.ActiveCfg = Debug|Any CPU
		{7BAE2C87-3AB6-4F84-81BA-63AA11B1E960}.Debug|Any CPU.Build.0 = Debug|Any CPU
		{7BAE2C87-3AB6-4F84-81BA-63AA11B1E960}.Release|Any CPU.ActiveCfg = Release|Any CPU
		{7BAE2C87-3AB6-4F84-81BA-63AA11B1E960}.Release|Any CPU.Build.0 = Release|Any CPU
		{412D8DAF-790E-4790-9CDF-BB5BA6A6A7BF}.Debug|Any CPU.ActiveCfg = Debug|Any CPU
		{412D8DAF-790E-4790-9CDF-BB5BA6A6A7BF}.Debug|Any CPU.Build.0 = Debug|Any CPU
		{412D8DAF-790E-4790-9CDF-BB5BA6A6A7BF}.Release|Any CPU.ActiveCfg = Release|Any CPU
		{412D8DAF-790E-4790-9CDF-BB5BA6A6A7BF}.Release|Any CPU.Build.0 = Release|Any CPU
		{C25B4F44-7D80-43D1-BC9F-6D9F381B9A66}.Debug|Any CPU.ActiveCfg = Debug|Any CPU
		{C25B4F44-7D80-43D1-BC9F-6D9F381B9A66}.Debug|Any CPU.Build.0 = Debug|Any CPU
		{C25B4F44-7D80-43D1-BC9F-6D9F381B9A66}.Release|Any CPU.ActiveCfg = Release|Any CPU
		{C25B4F44-7D80-43D1-BC9F-6D9F381B9A66}.Release|Any CPU.Build.0 = Release|Any CPU
		{D5E0505A-246A-4B6D-B160-3804B8A02A4C}.Debug|Any CPU.ActiveCfg = Debug|Any CPU
		{D5E0505A-246A-4B6D-B160-3804B8A02A4C}.Debug|Any CPU.Build.0 = Debug|Any CPU
		{D5E0505A-246A-4B6D-B160-3804B8A02A4C}.Release|Any CPU.ActiveCfg = Release|Any CPU
		{D5E0505A-246A-4B6D-B160-3804B8A02A4C}.Release|Any CPU.Build.0 = Release|Any CPU
		{B5C84F2A-64D2-4BE7-AC9F-2F929133BFDB}.Debug|Any CPU.ActiveCfg = Debug|Any CPU
		{B5C84F2A-64D2-4BE7-AC9F-2F929133BFDB}.Debug|Any CPU.Build.0 = Debug|Any CPU
		{B5C84F2A-64D2-4BE7-AC9F-2F929133BFDB}.Release|Any CPU.ActiveCfg = Release|Any CPU
		{B5C84F2A-64D2-4BE7-AC9F-2F929133BFDB}.Release|Any CPU.Build.0 = Release|Any CPU
		{66975234-839B-44A8-AAF1-4954E1A48BBF}.Debug|Any CPU.ActiveCfg = Debug|Any CPU
		{66975234-839B-44A8-AAF1-4954E1A48BBF}.Debug|Any CPU.Build.0 = Debug|Any CPU
		{66975234-839B-44A8-AAF1-4954E1A48BBF}.Release|Any CPU.ActiveCfg = Release|Any CPU
		{66975234-839B-44A8-AAF1-4954E1A48BBF}.Release|Any CPU.Build.0 = Release|Any CPU
		{0F9D47EC-0D5A-4CC7-983A-10506D70AE2D}.Debug|Any CPU.ActiveCfg = Debug|Any CPU
		{0F9D47EC-0D5A-4CC7-983A-10506D70AE2D}.Debug|Any CPU.Build.0 = Debug|Any CPU
		{0F9D47EC-0D5A-4CC7-983A-10506D70AE2D}.Release|Any CPU.ActiveCfg = Release|Any CPU
		{0F9D47EC-0D5A-4CC7-983A-10506D70AE2D}.Release|Any CPU.Build.0 = Release|Any CPU
		{868CF7B0-DE0B-47B0-8DBE-48567CD830ED}.Debug|Any CPU.ActiveCfg = Debug|Any CPU
		{868CF7B0-DE0B-47B0-8DBE-48567CD830ED}.Debug|Any CPU.Build.0 = Debug|Any CPU
		{868CF7B0-DE0B-47B0-8DBE-48567CD830ED}.Release|Any CPU.ActiveCfg = Release|Any CPU
		{868CF7B0-DE0B-47B0-8DBE-48567CD830ED}.Release|Any CPU.Build.0 = Release|Any CPU
		{8075E080-12D6-4BA7-BFA3-9BF0419DE8D2}.Debug|Any CPU.ActiveCfg = Debug|Any CPU
		{8075E080-12D6-4BA7-BFA3-9BF0419DE8D2}.Debug|Any CPU.Build.0 = Debug|Any CPU
		{8075E080-12D6-4BA7-BFA3-9BF0419DE8D2}.Release|Any CPU.ActiveCfg = Release|Any CPU
		{8075E080-12D6-4BA7-BFA3-9BF0419DE8D2}.Release|Any CPU.Build.0 = Release|Any CPU
		{3EEBAD2A-74C7-4625-95AA-C4206E3D5704}.Debug|Any CPU.ActiveCfg = Debug|Any CPU
		{3EEBAD2A-74C7-4625-95AA-C4206E3D5704}.Debug|Any CPU.Build.0 = Debug|Any CPU
		{3EEBAD2A-74C7-4625-95AA-C4206E3D5704}.Release|Any CPU.ActiveCfg = Release|Any CPU
		{3EEBAD2A-74C7-4625-95AA-C4206E3D5704}.Release|Any CPU.Build.0 = Release|Any CPU
		{B61902FD-504B-4B7E-97D8-0CE9A8079B22}.Debug|Any CPU.ActiveCfg = Debug|Any CPU
		{B61902FD-504B-4B7E-97D8-0CE9A8079B22}.Debug|Any CPU.Build.0 = Debug|Any CPU
		{B61902FD-504B-4B7E-97D8-0CE9A8079B22}.Release|Any CPU.ActiveCfg = Release|Any CPU
		{B61902FD-504B-4B7E-97D8-0CE9A8079B22}.Release|Any CPU.Build.0 = Release|Any CPU
		{39EB82DC-87D4-4B2E-A9C8-1C118F384FAF}.Debug|Any CPU.ActiveCfg = Debug|Any CPU
		{39EB82DC-87D4-4B2E-A9C8-1C118F384FAF}.Debug|Any CPU.Build.0 = Debug|Any CPU
		{39EB82DC-87D4-4B2E-A9C8-1C118F384FAF}.Release|Any CPU.ActiveCfg = Release|Any CPU
		{39EB82DC-87D4-4B2E-A9C8-1C118F384FAF}.Release|Any CPU.Build.0 = Release|Any CPU
		{F70BB375-893A-4786-A347-3FA97089DCD7}.Debug|Any CPU.ActiveCfg = Debug|Any CPU
		{F70BB375-893A-4786-A347-3FA97089DCD7}.Debug|Any CPU.Build.0 = Debug|Any CPU
		{F70BB375-893A-4786-A347-3FA97089DCD7}.Release|Any CPU.ActiveCfg = Release|Any CPU
		{F70BB375-893A-4786-A347-3FA97089DCD7}.Release|Any CPU.Build.0 = Release|Any CPU
		{D79D69BD-E189-41A3-A6BE-89BE69177D5D}.Debug|Any CPU.ActiveCfg = Debug|Any CPU
		{D79D69BD-E189-41A3-A6BE-89BE69177D5D}.Debug|Any CPU.Build.0 = Debug|Any CPU
		{D79D69BD-E189-41A3-A6BE-89BE69177D5D}.Release|Any CPU.ActiveCfg = Release|Any CPU
		{D79D69BD-E189-41A3-A6BE-89BE69177D5D}.Release|Any CPU.Build.0 = Release|Any CPU
		{D625EC4A-7419-41CB-9C9E-314CBB5E3C44}.Debug|Any CPU.ActiveCfg = Debug|Any CPU
		{D625EC4A-7419-41CB-9C9E-314CBB5E3C44}.Debug|Any CPU.Build.0 = Debug|Any CPU
		{D625EC4A-7419-41CB-9C9E-314CBB5E3C44}.Release|Any CPU.ActiveCfg = Release|Any CPU
		{D625EC4A-7419-41CB-9C9E-314CBB5E3C44}.Release|Any CPU.Build.0 = Release|Any CPU
		{85D907B4-0D0F-4A44-977E-740FC68E5311}.Debug|Any CPU.ActiveCfg = Debug|Any CPU
		{85D907B4-0D0F-4A44-977E-740FC68E5311}.Debug|Any CPU.Build.0 = Debug|Any CPU
		{85D907B4-0D0F-4A44-977E-740FC68E5311}.Release|Any CPU.ActiveCfg = Release|Any CPU
		{85D907B4-0D0F-4A44-977E-740FC68E5311}.Release|Any CPU.Build.0 = Release|Any CPU
		{39DDD053-B8F9-4657-A4DC-6CC82A8F4650}.Debug|Any CPU.ActiveCfg = Debug|Any CPU
		{39DDD053-B8F9-4657-A4DC-6CC82A8F4650}.Debug|Any CPU.Build.0 = Debug|Any CPU
		{39DDD053-B8F9-4657-A4DC-6CC82A8F4650}.Release|Any CPU.ActiveCfg = Release|Any CPU
		{39DDD053-B8F9-4657-A4DC-6CC82A8F4650}.Release|Any CPU.Build.0 = Release|Any CPU
		{4D1A23E3-AA64-4664-AA6A-D1655BB2A925}.Debug|Any CPU.ActiveCfg = Debug|Any CPU
		{4D1A23E3-AA64-4664-AA6A-D1655BB2A925}.Debug|Any CPU.Build.0 = Debug|Any CPU
		{4D1A23E3-AA64-4664-AA6A-D1655BB2A925}.Release|Any CPU.ActiveCfg = Release|Any CPU
		{4D1A23E3-AA64-4664-AA6A-D1655BB2A925}.Release|Any CPU.Build.0 = Release|Any CPU
		{B56DF08F-BFCF-43F4-B546-526FCB6CC50F}.Debug|Any CPU.ActiveCfg = Debug|Any CPU
		{B56DF08F-BFCF-43F4-B546-526FCB6CC50F}.Debug|Any CPU.Build.0 = Debug|Any CPU
		{B56DF08F-BFCF-43F4-B546-526FCB6CC50F}.Release|Any CPU.ActiveCfg = Release|Any CPU
		{B56DF08F-BFCF-43F4-B546-526FCB6CC50F}.Release|Any CPU.Build.0 = Release|Any CPU
		{78E1B7CD-5104-435B-9754-1298C4573921}.Debug|Any CPU.ActiveCfg = Debug|Any CPU
		{78E1B7CD-5104-435B-9754-1298C4573921}.Debug|Any CPU.Build.0 = Debug|Any CPU
		{78E1B7CD-5104-435B-9754-1298C4573921}.Release|Any CPU.ActiveCfg = Release|Any CPU
		{78E1B7CD-5104-435B-9754-1298C4573921}.Release|Any CPU.Build.0 = Release|Any CPU
		{2CC9822F-FCBE-48BD-BA99-56CB2CCFA8F1}.Debug|Any CPU.ActiveCfg = Debug|Any CPU
		{2CC9822F-FCBE-48BD-BA99-56CB2CCFA8F1}.Debug|Any CPU.Build.0 = Debug|Any CPU
		{2CC9822F-FCBE-48BD-BA99-56CB2CCFA8F1}.Release|Any CPU.ActiveCfg = Release|Any CPU
		{2CC9822F-FCBE-48BD-BA99-56CB2CCFA8F1}.Release|Any CPU.Build.0 = Release|Any CPU
		{1517960B-56F3-46E7-8E59-7F0E57B030C8}.Debug|Any CPU.ActiveCfg = Debug|Any CPU
		{1517960B-56F3-46E7-8E59-7F0E57B030C8}.Debug|Any CPU.Build.0 = Debug|Any CPU
		{1517960B-56F3-46E7-8E59-7F0E57B030C8}.Release|Any CPU.ActiveCfg = Release|Any CPU
		{1517960B-56F3-46E7-8E59-7F0E57B030C8}.Release|Any CPU.Build.0 = Release|Any CPU
		{1D8D51EE-5F85-4848-B1FE-B5471904D88F}.Debug|Any CPU.ActiveCfg = Debug|Any CPU
		{1D8D51EE-5F85-4848-B1FE-B5471904D88F}.Debug|Any CPU.Build.0 = Debug|Any CPU
		{1D8D51EE-5F85-4848-B1FE-B5471904D88F}.Release|Any CPU.ActiveCfg = Release|Any CPU
		{1D8D51EE-5F85-4848-B1FE-B5471904D88F}.Release|Any CPU.Build.0 = Release|Any CPU
	EndGlobalSection
	GlobalSection(SolutionProperties) = preSolution
		HideSolutionNode = FALSE
	EndGlobalSection
	GlobalSection(NestedProjects) = preSolution
		{36A49EC9-1CF4-43A1-80B3-889F8D10F8F3} = {D17BD7A3-498A-4206-AFCB-01A6F448890F}
		{D17BD7A3-498A-4206-AFCB-01A6F448890F} = {957B2023-6DFD-40E3-A908-DCA64BB71B47}
		{0FA8AD88-F1E2-4007-AAAB-46AA254F6781} = {D17BD7A3-498A-4206-AFCB-01A6F448890F}
		{2083A90B-5D76-48F9-810F-7A48A8B45CF9} = {D17BD7A3-498A-4206-AFCB-01A6F448890F}
		{183E3B97-F388-482F-8ACA-6C229DF87325} = {D17BD7A3-498A-4206-AFCB-01A6F448890F}
		{9FE3307C-AF7B-4C1A-8DD4-4314257972CB} = {957B2023-6DFD-40E3-A908-DCA64BB71B47}
		{9549C09F-7697-457E-93F7-7396FF508706} = {9FE3307C-AF7B-4C1A-8DD4-4314257972CB}
		{42CDFF03-52A4-42BF-A8F4-CCEDCE4EFAD7} = {9FE3307C-AF7B-4C1A-8DD4-4314257972CB}
		{08DAA150-004A-4BE3-8C53-92BF4DBE8516} = {9FE3307C-AF7B-4C1A-8DD4-4314257972CB}
		{C59129E1-BCC7-4422-81EB-8A60CE43626A} = {9FE3307C-AF7B-4C1A-8DD4-4314257972CB}
		{2299BFBB-CDF2-494F-8BE1-C9F833EE0263} = {9FE3307C-AF7B-4C1A-8DD4-4314257972CB}
		{BE0513B1-B8EB-44D4-8C00-AC5220F2B630} = {957B2023-6DFD-40E3-A908-DCA64BB71B47}
		{64641921-A15E-4751-A30C-2B043E698AB3} = {BE0513B1-B8EB-44D4-8C00-AC5220F2B630}
		{45CECCD8-CC39-4A1B-BE8C-C5DD79D561EA} = {BE0513B1-B8EB-44D4-8C00-AC5220F2B630}
		{D19774A0-83B2-4DC5-B2A9-51354FA8F812} = {BE0513B1-B8EB-44D4-8C00-AC5220F2B630}
		{8CA11C2B-1561-401C-8481-C161AA761865} = {BE0513B1-B8EB-44D4-8C00-AC5220F2B630}
		{240629B1-7554-4BB8-B469-EC766510912E} = {BE0513B1-B8EB-44D4-8C00-AC5220F2B630}
		{957B2023-6DFD-40E3-A908-DCA64BB71B47} = {B76CA387-2024-486D-98AE-EC9844C764E5}
		{3436706F-E01F-48F1-B1E7-CB6DDDA7FC45} = {B76CA387-2024-486D-98AE-EC9844C764E5}
		{8C054550-D587-46EE-B610-8E29486ED2A7} = {3436706F-E01F-48F1-B1E7-CB6DDDA7FC45}
		{E5A554A4-BBA5-4362-8DD1-776C2B5039D7} = {8C054550-D587-46EE-B610-8E29486ED2A7}
		{CC7F0ED4-61AB-4ED3-8AD6-949287F089D4} = {8C054550-D587-46EE-B610-8E29486ED2A7}
		{9B082265-C750-4D06-A527-302CA6F5A691} = {8C054550-D587-46EE-B610-8E29486ED2A7}
		{8980AD99-F336-4F03-9180-15CE17D555CF} = {8C054550-D587-46EE-B610-8E29486ED2A7}
		{33D2830E-5F7E-4128-90E3-2E7F44CA778C} = {3436706F-E01F-48F1-B1E7-CB6DDDA7FC45}
		{A8852F0C-1150-424B-B2C8-5B19FED19130} = {33D2830E-5F7E-4128-90E3-2E7F44CA778C}
		{4BB12DBE-11DF-4EBC-9626-A5232722338D} = {33D2830E-5F7E-4128-90E3-2E7F44CA778C}
		{8EFD65B8-6638-47C0-9121-788DA36BAD69} = {33D2830E-5F7E-4128-90E3-2E7F44CA778C}
		{93E30F2B-19A4-4609-B0EE-D367673CB760} = {33D2830E-5F7E-4128-90E3-2E7F44CA778C}
		{CEAAA159-31B6-4669-B72F-C6FE41849003} = {33D2830E-5F7E-4128-90E3-2E7F44CA778C}
		{E60D944B-4258-409A-8C34-380073ADA83D} = {3436706F-E01F-48F1-B1E7-CB6DDDA7FC45}
		{B95069A7-7914-4BCC-98FA-5876E9168F53} = {E60D944B-4258-409A-8C34-380073ADA83D}
		{43C0FF05-3D50-4F74-AB63-AB4ACAF63EA3} = {E60D944B-4258-409A-8C34-380073ADA83D}
		{87F3DF0D-CE48-4B77-B375-25AA94CCB726} = {E60D944B-4258-409A-8C34-380073ADA83D}
		{2293A8D6-61E7-4C9B-82CB-71BABCF60B1A} = {E60D944B-4258-409A-8C34-380073ADA83D}
		{4786CEB5-408C-44D0-9EEE-C72A3F8BD058} = {E60D944B-4258-409A-8C34-380073ADA83D}
		{194DBCAF-AB73-404F-A998-42AD37278240} = {B76CA387-2024-486D-98AE-EC9844C764E5}
		{C9D8C47C-743C-4BFF-BDE8-80958F599B12} = {194DBCAF-AB73-404F-A998-42AD37278240}
		{438DF2FB-8BB2-4E9A-B87C-56CFE82891A4} = {C9D8C47C-743C-4BFF-BDE8-80958F599B12}
		{36B053F6-11F6-4DCA-B3A7-D9F6E58934AC} = {C9D8C47C-743C-4BFF-BDE8-80958F599B12}
		{7BAE2C87-3AB6-4F84-81BA-63AA11B1E960} = {C9D8C47C-743C-4BFF-BDE8-80958F599B12}
		{412D8DAF-790E-4790-9CDF-BB5BA6A6A7BF} = {C9D8C47C-743C-4BFF-BDE8-80958F599B12}
		{C25B4F44-7D80-43D1-BC9F-6D9F381B9A66} = {194DBCAF-AB73-404F-A998-42AD37278240}
		{123CA65C-C454-47F9-9FD7-5A6CE76E96A5} = {194DBCAF-AB73-404F-A998-42AD37278240}
		{D5E0505A-246A-4B6D-B160-3804B8A02A4C} = {123CA65C-C454-47F9-9FD7-5A6CE76E96A5}
		{B5C84F2A-64D2-4BE7-AC9F-2F929133BFDB} = {123CA65C-C454-47F9-9FD7-5A6CE76E96A5}
		{66975234-839B-44A8-AAF1-4954E1A48BBF} = {123CA65C-C454-47F9-9FD7-5A6CE76E96A5}
		{0F9D47EC-0D5A-4CC7-983A-10506D70AE2D} = {123CA65C-C454-47F9-9FD7-5A6CE76E96A5}
		{868CF7B0-DE0B-47B0-8DBE-48567CD830ED} = {123CA65C-C454-47F9-9FD7-5A6CE76E96A5}
		{E3F40B83-B4A4-4498-B429-1F3A651551A7} = {194DBCAF-AB73-404F-A998-42AD37278240}
		{8075E080-12D6-4BA7-BFA3-9BF0419DE8D2} = {E3F40B83-B4A4-4498-B429-1F3A651551A7}
		{3EEBAD2A-74C7-4625-95AA-C4206E3D5704} = {E3F40B83-B4A4-4498-B429-1F3A651551A7}
		{B61902FD-504B-4B7E-97D8-0CE9A8079B22} = {E3F40B83-B4A4-4498-B429-1F3A651551A7}
		{39EB82DC-87D4-4B2E-A9C8-1C118F384FAF} = {E3F40B83-B4A4-4498-B429-1F3A651551A7}
		{F70BB375-893A-4786-A347-3FA97089DCD7} = {E3F40B83-B4A4-4498-B429-1F3A651551A7}
		{79D78DE1-C5AE-44FD-855A-3AC5810FD356} = {194DBCAF-AB73-404F-A998-42AD37278240}
		{D79D69BD-E189-41A3-A6BE-89BE69177D5D} = {79D78DE1-C5AE-44FD-855A-3AC5810FD356}
		{D625EC4A-7419-41CB-9C9E-314CBB5E3C44} = {79D78DE1-C5AE-44FD-855A-3AC5810FD356}
		{85D907B4-0D0F-4A44-977E-740FC68E5311} = {79D78DE1-C5AE-44FD-855A-3AC5810FD356}
		{39DDD053-B8F9-4657-A4DC-6CC82A8F4650} = {79D78DE1-C5AE-44FD-855A-3AC5810FD356}
		{4D1A23E3-AA64-4664-AA6A-D1655BB2A925} = {79D78DE1-C5AE-44FD-855A-3AC5810FD356}
		{2932F3A3-648A-4DFB-976F-89A4FC684BB7} = {90F04C30-CA3E-4E3B-8AF8-4DBA3F798745}
		{44EA6614-1AAD-46CB-AB3B-E2A899C27B21} = {2932F3A3-648A-4DFB-976F-89A4FC684BB7}
		{B56DF08F-BFCF-43F4-B546-526FCB6CC50F} = {44EA6614-1AAD-46CB-AB3B-E2A899C27B21}
		{78E1B7CD-5104-435B-9754-1298C4573921} = {44EA6614-1AAD-46CB-AB3B-E2A899C27B21}
		{BD6EED67-06E5-4372-A3EB-CEC117DA6345} = {2932F3A3-648A-4DFB-976F-89A4FC684BB7}
		{2CC9822F-FCBE-48BD-BA99-56CB2CCFA8F1} = {BD6EED67-06E5-4372-A3EB-CEC117DA6345}
		{D34C75A0-8D73-4C50-A0FD-3B51FE9CA4FA} = {2932F3A3-648A-4DFB-976F-89A4FC684BB7}
		{1517960B-56F3-46E7-8E59-7F0E57B030C8} = {D34C75A0-8D73-4C50-A0FD-3B51FE9CA4FA}
		{40E8F606-D7C5-4039-8D13-67C5D9D75217} = {2932F3A3-648A-4DFB-976F-89A4FC684BB7}
		{1D8D51EE-5F85-4848-B1FE-B5471904D88F} = {40E8F606-D7C5-4039-8D13-67C5D9D75217}
	EndGlobalSection
	GlobalSection(ExtensibilityGlobals) = postSolution
		SolutionGuid = {29ACD8E1-680E-4C7F-961A-7911634D5451}
	EndGlobalSection
EndGlobal
