
Microsoft Visual Studio Solution File, Format Version 12.00
# Visual Studio 15
VisualStudioVersion = 15.0.28307.421
MinimumVisualStudioVersion = 10.0.40219.1
Project("{FAE04EC0-301F-11D3-BF4B-00C04F79EFBC}") = "Exercise 1", "Exercises_5_43_Conditionals\Exercise 1.csproj", "{36A49EC9-1CF4-43A1-80B3-889F8D10F8F3}"
EndProject
Project("{2150E333-8FDC-42A3-9474-1A3956D46DE8}") = "Conditionals", "Conditionals", "{D17BD7A3-498A-4206-AFCB-01A6F448890F}"
EndProject
Project("{FAE04EC0-301F-11D3-BF4B-00C04F79EFBC}") = "Excercise 2", "Excercise 2\Excercise 2.csproj", "{0FA8AD88-F1E2-4007-AAAB-46AA254F6781}"
EndProject
Project("{FAE04EC0-301F-11D3-BF4B-00C04F79EFBC}") = "Exercise 3", "Exercise 3\Exercise 3.csproj", "{2083A90B-5D76-48F9-810F-7A48A8B45CF9}"
EndProject
Project("{FAE04EC0-301F-11D3-BF4B-00C04F79EFBC}") = "Exercise 4", "Exercise 4\Exercise 4.csproj", "{183E3B97-F388-482F-8ACA-6C229DF87325}"
EndProject
Global
	GlobalSection(SolutionConfigurationPlatforms) = preSolution
		Debug|Any CPU = Debug|Any CPU
		Release|Any CPU = Release|Any CPU
	EndGlobalSection
	GlobalSection(ProjectConfigurationPlatforms) = postSolution
		{36A49EC9-1CF4-43A1-80B3-889F8D10F8F3}.Debug|Any CPU.ActiveCfg = Debug|Any CPU
		{36A49EC9-1CF4-43A1-80B3-889F8D10F8F3}.Debug|Any CPU.Build.0 = Debug|Any CPU
		{36A49EC9-1CF4-43A1-80B3-889F8D10F8F3}.Release|Any CPU.ActiveCfg = Release|Any CPU
		{36A49EC9-1CF4-43A1-80B3-889F8D10F8F3}.Release|Any CPU.Build.0 = Release|Any CPU
		{0FA8AD88-F1E2-4007-AAAB-46AA254F6781}.Debug|Any CPU.ActiveCfg = Debug|Any CPU
		{0FA8AD88-F1E2-4007-AAAB-46AA254F6781}.Debug|Any CPU.Build.0 = Debug|Any CPU
		{0FA8AD88-F1E2-4007-AAAB-46AA254F6781}.Release|Any CPU.ActiveCfg = Release|Any CPU
		{0FA8AD88-F1E2-4007-AAAB-46AA254F6781}.Release|Any CPU.Build.0 = Release|Any CPU
		{2083A90B-5D76-48F9-810F-7A48A8B45CF9}.Debug|Any CPU.ActiveCfg = Debug|Any CPU
		{2083A90B-5D76-48F9-810F-7A48A8B45CF9}.Debug|Any CPU.Build.0 = Debug|Any CPU
		{2083A90B-5D76-48F9-810F-7A48A8B45CF9}.Release|Any CPU.ActiveCfg = Release|Any CPU
		{2083A90B-5D76-48F9-810F-7A48A8B45CF9}.Release|Any CPU.Build.0 = Release|Any CPU
		{183E3B97-F388-482F-8ACA-6C229DF87325}.Debug|Any CPU.ActiveCfg = Debug|Any CPU
		{183E3B97-F388-482F-8ACA-6C229DF87325}.Debug|Any CPU.Build.0 = Debug|Any CPU
		{183E3B97-F388-482F-8ACA-6C229DF87325}.Release|Any CPU.ActiveCfg = Release|Any CPU
		{183E3B97-F388-482F-8ACA-6C229DF87325}.Release|Any CPU.Build.0 = Release|Any CPU
	EndGlobalSection
	GlobalSection(SolutionProperties) = preSolution
		HideSolutionNode = FALSE
	EndGlobalSection
	GlobalSection(NestedProjects) = preSolution
		{36A49EC9-1CF4-43A1-80B3-889F8D10F8F3} = {D17BD7A3-498A-4206-AFCB-01A6F448890F}
		{0FA8AD88-F1E2-4007-AAAB-46AA254F6781} = {D17BD7A3-498A-4206-AFCB-01A6F448890F}
		{2083A90B-5D76-48F9-810F-7A48A8B45CF9} = {D17BD7A3-498A-4206-AFCB-01A6F448890F}
		{183E3B97-F388-482F-8ACA-6C229DF87325} = {D17BD7A3-498A-4206-AFCB-01A6F448890F}
	EndGlobalSection
	GlobalSection(ExtensibilityGlobals) = postSolution
		SolutionGuid = {29ACD8E1-680E-4C7F-961A-7911634D5451}
	EndGlobalSection
EndGlobal
